
Microsoft Visual Studio Solution File, Format Version 12.00
# Visual Studio Version 17
VisualStudioVersion = 17.3.32611.2
MinimumVisualStudioVersion = 10.0.40219.1
Project("{9A19103F-16F7-4668-BE54-9A1E7A4F7556}") = "CallingApp.Core", "CallingApp.Core\CallingApp.Core.csproj", "{EF7FB7CB-DFE9-4463-9EB5-72220BDA7050}"
EndProject
Project("{9A19103F-16F7-4668-BE54-9A1E7A4F7556}") = "CallingApp.Maui", "CallingApp.Maui\CallingApp.Maui.csproj", "{0B9220EE-1B99-452A-802F-5BB4F6D256A7}"
EndProject
Global
	GlobalSection(SolutionConfigurationPlatforms) = preSolution
		Debug|Any CPU = Debug|Any CPU
		Debug|iPhone = Debug|iPhone
		Debug|iPhoneSimulator = Debug|iPhoneSimulator
		Release|Any CPU = Release|Any CPU
		Release|iPhone = Release|iPhone
		Release|iPhoneSimulator = Release|iPhoneSimulator
	EndGlobalSection
	GlobalSection(ProjectConfigurationPlatforms) = postSolution
		{EF7FB7CB-DFE9-4463-9EB5-72220BDA7050}.Debug|Any CPU.ActiveCfg = Debug|Any CPU
		{EF7FB7CB-DFE9-4463-9EB5-72220BDA7050}.Debug|Any CPU.Build.0 = Debug|Any CPU
		{EF7FB7CB-DFE9-4463-9EB5-72220BDA7050}.Debug|iPhone.ActiveCfg = Debug|Any CPU
		{EF7FB7CB-DFE9-4463-9EB5-72220BDA7050}.Debug|iPhone.Build.0 = Debug|Any CPU
		{EF7FB7CB-DFE9-4463-9EB5-72220BDA7050}.Debug|iPhoneSimulator.ActiveCfg = Debug|Any CPU
		{EF7FB7CB-DFE9-4463-9EB5-72220BDA7050}.Debug|iPhoneSimulator.Build.0 = Debug|Any CPU
		{EF7FB7CB-DFE9-4463-9EB5-72220BDA7050}.Release|Any CPU.ActiveCfg = Release|Any CPU
		{EF7FB7CB-DFE9-4463-9EB5-72220BDA7050}.Release|Any CPU.Build.0 = Release|Any CPU
		{EF7FB7CB-DFE9-4463-9EB5-72220BDA7050}.Release|iPhone.ActiveCfg = Release|Any CPU
		{EF7FB7CB-DFE9-4463-9EB5-72220BDA7050}.Release|iPhone.Build.0 = Release|Any CPU
		{EF7FB7CB-DFE9-4463-9EB5-72220BDA7050}.Release|iPhoneSimulator.ActiveCfg = Release|Any CPU
		{EF7FB7CB-DFE9-4463-9EB5-72220BDA7050}.Release|iPhoneSimulator.Build.0 = Release|Any CPU
		{0B9220EE-1B99-452A-802F-5BB4F6D256A7}.Debug|Any CPU.ActiveCfg = Debug|Any CPU
		{0B9220EE-1B99-452A-802F-5BB4F6D256A7}.Debug|Any CPU.Build.0 = Debug|Any CPU
		{0B9220EE-1B99-452A-802F-5BB4F6D256A7}.Debug|Any CPU.Deploy.0 = Debug|Any CPU
		{0B9220EE-1B99-452A-802F-5BB4F6D256A7}.Debug|iPhone.ActiveCfg = Debug|Any CPU
		{0B9220EE-1B99-452A-802F-5BB4F6D256A7}.Debug|iPhone.Build.0 = Debug|Any CPU
		{0B9220EE-1B99-452A-802F-5BB4F6D256A7}.Debug|iPhone.Deploy.0 = Debug|Any CPU
		{0B9220EE-1B99-452A-802F-5BB4F6D256A7}.Debug|iPhoneSimulator.ActiveCfg = Debug|Any CPU
		{0B9220EE-1B99-452A-802F-5BB4F6D256A7}.Debug|iPhoneSimulator.Build.0 = Debug|Any CPU
		{0B9220EE-1B99-452A-802F-5BB4F6D256A7}.Debug|iPhoneSimulator.Deploy.0 = Debug|Any CPU
		{0B9220EE-1B99-452A-802F-5BB4F6D256A7}.Release|Any CPU.ActiveCfg = Release|Any CPU
		{0B9220EE-1B99-452A-802F-5BB4F6D256A7}.Release|Any CPU.Build.0 = Release|Any CPU
		{0B9220EE-1B99-452A-802F-5BB4F6D256A7}.Release|Any CPU.Deploy.0 = Release|Any CPU
		{0B9220EE-1B99-452A-802F-5BB4F6D256A7}.Release|iPhone.ActiveCfg = Release|Any CPU
		{0B9220EE-1B99-452A-802F-5BB4F6D256A7}.Release|iPhone.Build.0 = Release|Any CPU
		{0B9220EE-1B99-452A-802F-5BB4F6D256A7}.Release|iPhone.Deploy.0 = Release|Any CPU
		{0B9220EE-1B99-452A-802F-5BB4F6D256A7}.Release|iPhoneSimulator.ActiveCfg = Release|Any CPU
		{0B9220EE-1B99-452A-802F-5BB4F6D256A7}.Release|iPhoneSimulator.Build.0 = Release|Any CPU
		{0B9220EE-1B99-452A-802F-5BB4F6D256A7}.Release|iPhoneSimulator.Deploy.0 = Release|Any CPU
	EndGlobalSection
	GlobalSection(SolutionProperties) = preSolution
		HideSolutionNode = FALSE
	EndGlobalSection
	GlobalSection(ExtensibilityGlobals) = postSolution
		SolutionGuid = {ED9497E4-2F08-44AC-9D4A-2DABB376515A}
	EndGlobalSection
EndGlobal
